
Microsoft Visual Studio Solution File, Format Version 12.00
# Visual Studio Version 17
VisualStudioVersion = 17.7.34003.232
MinimumVisualStudioVersion = 10.0.40219.1
Project("{FAE04EC0-301F-11D3-BF4B-00C04F79EFBC}") = "CQRS.Domain", "CQRS.Domain\CQRS.Domain.csproj", "{154192C4-AAD0-4135-A53D-8C4465BDB202}"
EndProject
Project("{FAE04EC0-301F-11D3-BF4B-00C04F79EFBC}") = "CQRS.Application", "CQRS.Application\CQRS.Application.csproj", "{924C75BC-234C-414F-983B-B0D11AFBE994}"
EndProject
Project("{FAE04EC0-301F-11D3-BF4B-00C04F79EFBC}") = "CQRS.Infrastructure", "CQRS.Infrastructure\CQRS.Infrastructure.csproj", "{3741884B-A798-4CB5-B223-D28F06DCF350}"
EndProject
Project("{FAE04EC0-301F-11D3-BF4B-00C04F79EFBC}") = "CQRS.CrossCutting", "CQRS.CrossCutting\CQRS.CrossCutting.csproj", "{4258DA79-4363-486E-BAE2-AEF9C2F78348}"
EndProject
Project("{FAE04EC0-301F-11D3-BF4B-00C04F79EFBC}") = "CQRS.API", "CQRS.API\CQRS.API.csproj", "{B2195527-743D-4E09-AF0B-5C6A7A32BE47}"
EndProject
Global
	GlobalSection(SolutionConfigurationPlatforms) = preSolution
		Debug|Any CPU = Debug|Any CPU
		Release|Any CPU = Release|Any CPU
	EndGlobalSection
	GlobalSection(ProjectConfigurationPlatforms) = postSolution
		{154192C4-AAD0-4135-A53D-8C4465BDB202}.Debug|Any CPU.ActiveCfg = Debug|Any CPU
		{154192C4-AAD0-4135-A53D-8C4465BDB202}.Debug|Any CPU.Build.0 = Debug|Any CPU
		{154192C4-AAD0-4135-A53D-8C4465BDB202}.Release|Any CPU.ActiveCfg = Release|Any CPU
		{154192C4-AAD0-4135-A53D-8C4465BDB202}.Release|Any CPU.Build.0 = Release|Any CPU
		{924C75BC-234C-414F-983B-B0D11AFBE994}.Debug|Any CPU.ActiveCfg = Debug|Any CPU
		{924C75BC-234C-414F-983B-B0D11AFBE994}.Debug|Any CPU.Build.0 = Debug|Any CPU
		{924C75BC-234C-414F-983B-B0D11AFBE994}.Release|Any CPU.ActiveCfg = Release|Any CPU
		{924C75BC-234C-414F-983B-B0D11AFBE994}.Release|Any CPU.Build.0 = Release|Any CPU
		{3741884B-A798-4CB5-B223-D28F06DCF350}.Debug|Any CPU.ActiveCfg = Debug|Any CPU
		{3741884B-A798-4CB5-B223-D28F06DCF350}.Debug|Any CPU.Build.0 = Debug|Any CPU
		{3741884B-A798-4CB5-B223-D28F06DCF350}.Release|Any CPU.ActiveCfg = Release|Any CPU
		{3741884B-A798-4CB5-B223-D28F06DCF350}.Release|Any CPU.Build.0 = Release|Any CPU
		{4258DA79-4363-486E-BAE2-AEF9C2F78348}.Debug|Any CPU.ActiveCfg = Debug|Any CPU
		{4258DA79-4363-486E-BAE2-AEF9C2F78348}.Debug|Any CPU.Build.0 = Debug|Any CPU
		{4258DA79-4363-486E-BAE2-AEF9C2F78348}.Release|Any CPU.ActiveCfg = Release|Any CPU
		{4258DA79-4363-486E-BAE2-AEF9C2F78348}.Release|Any CPU.Build.0 = Release|Any CPU
		{B2195527-743D-4E09-AF0B-5C6A7A32BE47}.Debug|Any CPU.ActiveCfg = Debug|Any CPU
		{B2195527-743D-4E09-AF0B-5C6A7A32BE47}.Debug|Any CPU.Build.0 = Debug|Any CPU
		{B2195527-743D-4E09-AF0B-5C6A7A32BE47}.Release|Any CPU.ActiveCfg = Release|Any CPU
		{B2195527-743D-4E09-AF0B-5C6A7A32BE47}.Release|Any CPU.Build.0 = Release|Any CPU
	EndGlobalSection
	GlobalSection(SolutionProperties) = preSolution
		HideSolutionNode = FALSE
	EndGlobalSection
	GlobalSection(ExtensibilityGlobals) = postSolution
		SolutionGuid = {8759BE5B-8157-4D7A-9DBD-E8A9C58ED24E}
	EndGlobalSection
EndGlobal
